
Microsoft Visual Studio Solution File, Format Version 12.00
# Visual Studio Version 16
VisualStudioVersion = 25.0.1705.6
MinimumVisualStudioVersion = 10.0.40219.1
Project("{FAE04EC0-301F-11D3-BF4B-00C04F79EFBC}") = "AuditNetProject", "AuditNetProject\AuditNetProject.csproj", "{98F0E450-083C-4EBF-86FE-D4451430306A}"
EndProject
Global
	GlobalSection(SolutionConfigurationPlatforms) = preSolution
		Debug|Any CPU = Debug|Any CPU
		Release|Any CPU = Release|Any CPU
	EndGlobalSection
	GlobalSection(ProjectConfigurationPlatforms) = postSolution
		{98F0E450-083C-4EBF-86FE-D4451430306A}.Debug|Any CPU.ActiveCfg = Debug|Any CPU
		{98F0E450-083C-4EBF-86FE-D4451430306A}.Debug|Any CPU.Build.0 = Debug|Any CPU
		{98F0E450-083C-4EBF-86FE-D4451430306A}.Release|Any CPU.ActiveCfg = Release|Any CPU
		{98F0E450-083C-4EBF-86FE-D4451430306A}.Release|Any CPU.Build.0 = Release|Any CPU
	EndGlobalSection
	GlobalSection(SolutionProperties) = preSolution
		HideSolutionNode = FALSE
	EndGlobalSection
	GlobalSection(ExtensibilityGlobals) = postSolution
		SolutionGuid = {F9977EA7-DC52-4563-8301-239F69CAF8C8}
	EndGlobalSection
EndGlobal
